version = 1
revision = 3
requires-python = ">=3.10"

[[package]]
name = "exifread"
version = "3.5.1"
source = { registry = "https://pypi.org/simple" }
sdist = { url = "https://files.pythonhosted.org/packages/e2/4e/d8fce8810d819db47f5b159e75223511c5ccd7ad07c2feca64cf7fab2477/exifread-3.5.1.tar.gz", hash = "sha256:9f998f80d3062741c976dfc4fd033424bc40932937994e4d2181eb70c4b6aedd", size = 56552, upload-time = "2025-08-23T21:59:18.123Z" }
wheels = [
    { url = "https://files.pythonhosted.org/packages/e2/a3/20e34a55c7b225110d3822d07c3cab9e8653d9c179e36783f2ed632a96a7/exifread-3.5.1-py3-none-any.whl", hash = "sha256:e5426ce2857423ad401e575ea9d159dc97449dc041fb6e61b35109caea72c311", size = 59742, upload-time = "2025-08-23T21:59:16.633Z" },
]

[[package]]
name = "pyexiftool"
version = "0.5.6"
source = { registry = "https://pypi.org/simple" }
sdist = { url = "https://files.pythonhosted.org/packages/5e/48/406da6691d15abf3c8d399bce8bc588709a5b54e857fd7c22dad2f90c33c/PyExifTool-0.5.6.tar.gz", hash = "sha256:22a972c1c212d1ad5f61916fded5057333dcc48fb8e42eed12d2ff9665b367ae", size = 56365, upload-time = "2023-10-22T23:18:18.819Z" }
wheels = [
    { url = "https://files.pythonhosted.org/packages/fc/b9/175e9a1f8f3f94b22f622f0fcac853ae2c43cb4ac6034f849269c6086dac/PyExifTool-0.5.6-py3-none-any.whl", hash = "sha256:ac7d7836d2bf373f20aa558528f6b2222c4c0d896ed28c951a3ff8e6cec05a87", size = 51243, upload-time = "2023-10-22T23:18:16.614Z" },
]

[[package]]
name = "pysortexif"
version = "0.3.0"
source = { virtual = "." }
dependencies = [
    { name = "exifread" },
    { name = "pyexiftool" },
]

[package.metadata]
requires-dist = [
    { name = "exifread", specifier = ">=3.3.1" },
    { name = "pyexiftool", specifier = ">=0.5.6" },
]
