version = 1
revision = 2
requires-python = ">=3.10"

[[package]]
name = "exifread"
version = "3.3.1"
source = { registry = "https://pypi.org/simple" }
sdist = { url = "https://files.pythonhosted.org/packages/5f/d4/6aabccc3da60e7c47f235002d4e15844f24dadaf862dd4f3b0fe2c142538/exifread-3.3.1.tar.gz", hash = "sha256:320d8596c1f674a1da2c10cf30408bb9675262c4c0181bebbd3570679d2f1340", size = 51928, upload_time = "2025-05-12T20:54:29.976Z" }
wheels = [
    { url = "https://files.pythonhosted.org/packages/60/2c/44ecdb24b6b9e895470ba793a37442f4593ca1d54a3a786f72d7d6fdbdd6/exifread-3.3.1-py3-none-any.whl", hash = "sha256:b7405f890738dbca9992f74a326a4ac3d51512cd129353950d69e774dc5a1767", size = 54322, upload_time = "2025-05-12T20:54:28.769Z" },
]

[[package]]
name = "pyexiftool"
version = "0.5.6"
source = { registry = "https://pypi.org/simple" }
sdist = { url = "https://files.pythonhosted.org/packages/5e/48/406da6691d15abf3c8d399bce8bc588709a5b54e857fd7c22dad2f90c33c/PyExifTool-0.5.6.tar.gz", hash = "sha256:22a972c1c212d1ad5f61916fded5057333dcc48fb8e42eed12d2ff9665b367ae", size = 56365, upload_time = "2023-10-22T23:18:18.819Z" }
wheels = [
    { url = "https://files.pythonhosted.org/packages/fc/b9/175e9a1f8f3f94b22f622f0fcac853ae2c43cb4ac6034f849269c6086dac/PyExifTool-0.5.6-py3-none-any.whl", hash = "sha256:ac7d7836d2bf373f20aa558528f6b2222c4c0d896ed28c951a3ff8e6cec05a87", size = 51243, upload_time = "2023-10-22T23:18:16.614Z" },
]

[[package]]
name = "pysortexif"
version = "0.3.0"
source = { virtual = "." }
dependencies = [
    { name = "exifread" },
    { name = "pyexiftool" },
]

[package.metadata]
requires-dist = [
    { name = "exifread", specifier = ">=3.3.1" },
    { name = "pyexiftool", specifier = ">=0.5.6" },
]
